
Microsoft Visual Studio Solution File, Format Version 12.00
# Visual Studio 15
VisualStudioVersion = 15.0.28307.489
MinimumVisualStudioVersion = 10.0.40219.1
Project("{FAE04EC0-301F-11D3-BF4B-00C04F79EFBC}") = "Attendance.Api", "AttendanceRecord\Attendance.Api.csproj", "{DAADA54C-53E3-44E6-86F6-E9C46ADC8A74}"
EndProject
Project("{FAE04EC0-301F-11D3-BF4B-00C04F79EFBC}") = "Attendance.Console", "..\..\Attendance.Console\Attendance.Console.csproj", "{C95F28B0-E0F7-440D-9584-10E9E1125273}"
EndProject
Project("{FAE04EC0-301F-11D3-BF4B-00C04F79EFBC}") = "Attendance", "..\..\Attendance\Attendance.csproj", "{B8D4A150-C3D7-4338-9737-56F47C17C1C4}"
EndProject
Project("{FAE04EC0-301F-11D3-BF4B-00C04F79EFBC}") = "MyCalendar.Calendar", "..\..\..\MyCalendar\JarlooCalendar\Jarloo.Calendar\Jarloo.Calendar\MyCalendar.Calendar.csproj", "{31C3B4A7-504B-4EFF-BACC-C8F2FFE5AF6F}"
EndProject
Global
	GlobalSection(SolutionConfigurationPlatforms) = preSolution
		Debug|Any CPU = Debug|Any CPU
		Release|Any CPU = Release|Any CPU
	EndGlobalSection
	GlobalSection(ProjectConfigurationPlatforms) = postSolution
		{DAADA54C-53E3-44E6-86F6-E9C46ADC8A74}.Debug|Any CPU.ActiveCfg = Debug|Any CPU
		{DAADA54C-53E3-44E6-86F6-E9C46ADC8A74}.Debug|Any CPU.Build.0 = Debug|Any CPU
		{DAADA54C-53E3-44E6-86F6-E9C46ADC8A74}.Release|Any CPU.ActiveCfg = Release|Any CPU
		{DAADA54C-53E3-44E6-86F6-E9C46ADC8A74}.Release|Any CPU.Build.0 = Release|Any CPU
		{C95F28B0-E0F7-440D-9584-10E9E1125273}.Debug|Any CPU.ActiveCfg = Debug|Any CPU
		{C95F28B0-E0F7-440D-9584-10E9E1125273}.Debug|Any CPU.Build.0 = Debug|Any CPU
		{C95F28B0-E0F7-440D-9584-10E9E1125273}.Release|Any CPU.ActiveCfg = Release|Any CPU
		{C95F28B0-E0F7-440D-9584-10E9E1125273}.Release|Any CPU.Build.0 = Release|Any CPU
		{B8D4A150-C3D7-4338-9737-56F47C17C1C4}.Debug|Any CPU.ActiveCfg = Debug|Any CPU
		{B8D4A150-C3D7-4338-9737-56F47C17C1C4}.Debug|Any CPU.Build.0 = Debug|Any CPU
		{B8D4A150-C3D7-4338-9737-56F47C17C1C4}.Release|Any CPU.ActiveCfg = Release|Any CPU
		{B8D4A150-C3D7-4338-9737-56F47C17C1C4}.Release|Any CPU.Build.0 = Release|Any CPU
		{31C3B4A7-504B-4EFF-BACC-C8F2FFE5AF6F}.Debug|Any CPU.ActiveCfg = Debug|Any CPU
		{31C3B4A7-504B-4EFF-BACC-C8F2FFE5AF6F}.Debug|Any CPU.Build.0 = Debug|Any CPU
		{31C3B4A7-504B-4EFF-BACC-C8F2FFE5AF6F}.Release|Any CPU.ActiveCfg = Release|Any CPU
		{31C3B4A7-504B-4EFF-BACC-C8F2FFE5AF6F}.Release|Any CPU.Build.0 = Release|Any CPU
	EndGlobalSection
	GlobalSection(SolutionProperties) = preSolution
		HideSolutionNode = FALSE
	EndGlobalSection
	GlobalSection(ExtensibilityGlobals) = postSolution
		SolutionGuid = {133D3AA9-0F62-445A-B2FB-8D806CDB44C4}
	EndGlobalSection
EndGlobal
